// !$*UTF8*$!
{
	archiveVersion = 1;
	classes = {
	};
	objectVersion = 50;
	objects = {

/* Begin PBXBuildFile section */
		1930153C2402BD4C00E7B815 /* AppDelegate.swift in Sources */ = {isa = PBXBuildFile; fileRef = 1930153B2402BD4C00E7B815 /* AppDelegate.swift */; };
		1930153E2402BD4C00E7B815 /* SceneDelegate.swift in Sources */ = {isa = PBXBuildFile; fileRef = 1930153D2402BD4C00E7B815 /* SceneDelegate.swift */; };
		193015432402BD4C00E7B815 /* Main.storyboard in Resources */ = {isa = PBXBuildFile; fileRef = 193015412402BD4C00E7B815 /* Main.storyboard */; };
		193015462402BD4C00E7B815 /* DnDclassic.xcdatamodeld in Sources */ = {isa = PBXBuildFile; fileRef = 193015442402BD4C00E7B815 /* DnDclassic.xcdatamodeld */; };
		193015482402BD5200E7B815 /* Assets.xcassets in Resources */ = {isa = PBXBuildFile; fileRef = 193015472402BD5200E7B815 /* Assets.xcassets */; };
		1930154B2402BD5200E7B815 /* LaunchScreen.storyboard in Resources */ = {isa = PBXBuildFile; fileRef = 193015492402BD5200E7B815 /* LaunchScreen.storyboard */; };
		193015612402BD5300E7B815 /* DnDclassicUITests.swift in Sources */ = {isa = PBXBuildFile; fileRef = 193015602402BD5300E7B815 /* DnDclassicUITests.swift */; };
		193015742402C0B700E7B815 /* Dice.swift in Sources */ = {isa = PBXBuildFile; fileRef = 193015732402C0B700E7B815 /* Dice.swift */; };
		193015762402C2E500E7B815 /* CharacterProperty.swift in Sources */ = {isa = PBXBuildFile; fileRef = 193015752402C2E500E7B815 /* CharacterProperty.swift */; };
		193015782402C5B100E7B815 /* Potion.swift in Sources */ = {isa = PBXBuildFile; fileRef = 193015772402C5B100E7B815 /* Potion.swift */; };
		1930157A2402CAC600E7B815 /* Fight.swift in Sources */ = {isa = PBXBuildFile; fileRef = 193015792402CAC600E7B815 /* Fight.swift */; };
		1930157C2402D3C400E7B815 /* PlayerTests.swift in Sources */ = {isa = PBXBuildFile; fileRef = 1930157B2402D3C400E7B815 /* PlayerTests.swift */; };
		1930157E2402D51D00E7B815 /* FightTests.swift in Sources */ = {isa = PBXBuildFile; fileRef = 1930157D2402D51D00E7B815 /* FightTests.swift */; };
		193015802402DC7300E7B815 /* InventoryItem.swift in Sources */ = {isa = PBXBuildFile; fileRef = 1930157F2402DC7300E7B815 /* InventoryItem.swift */; };
		19301582240310F400E7B815 /* Scene.swift in Sources */ = {isa = PBXBuildFile; fileRef = 19301581240310F400E7B815 /* Scene.swift */; };
		193015842403118A00E7B815 /* Direction.swift in Sources */ = {isa = PBXBuildFile; fileRef = 193015832403118A00E7B815 /* Direction.swift */; };
		193015862403120700E7B815 /* WayPoint.swift in Sources */ = {isa = PBXBuildFile; fileRef = 193015852403120700E7B815 /* WayPoint.swift */; };
		19301588240316D700E7B815 /* Game.swift in Sources */ = {isa = PBXBuildFile; fileRef = 19301587240316D700E7B815 /* Game.swift */; };
		1930158B240318DE00E7B815 /* cover.png in Resources */ = {isa = PBXBuildFile; fileRef = 1930158A240318DE00E7B815 /* cover.png */; };
		1930158D24031CD800E7B815 /* scene_001.png in Resources */ = {isa = PBXBuildFile; fileRef = 1930158C24031CD800E7B815 /* scene_001.png */; };
		1930158F24031E4400E7B815 /* Action.swift in Sources */ = {isa = PBXBuildFile; fileRef = 1930158E24031E4400E7B815 /* Action.swift */; };
		19497D692405876A0072CFD0 /* Deserializable.swift in Sources */ = {isa = PBXBuildFile; fileRef = 19497D682405876A0072CFD0 /* Deserializable.swift */; };
		19497D6B240587A00072CFD0 /* ObjectDefinitions.swift in Sources */ = {isa = PBXBuildFile; fileRef = 19497D6A240587A00072CFD0 /* ObjectDefinitions.swift */; };
		19497D6D2405930C0072CFD0 /* warlock-firetop-mountain.json in Resources */ = {isa = PBXBuildFile; fileRef = 19497D6C2405930C0072CFD0 /* warlock-firetop-mountain.json */; };
		19497D712405AE400072CFD0 /* SceneViewController.swift in Sources */ = {isa = PBXBuildFile; fileRef = 19497D702405AE400072CFD0 /* SceneViewController.swift */; };
		19497D732405AF0A0072CFD0 /* IntroViewController.swift in Sources */ = {isa = PBXBuildFile; fileRef = 19497D722405AF0A0072CFD0 /* IntroViewController.swift */; };
		19497D772406AC620072CFD0 /* Character.swift in Sources */ = {isa = PBXBuildFile; fileRef = 19497D762406AC620072CFD0 /* Character.swift */; };
		19497D7A2406AD590072CFD0 /* CharacterEditViewController.swift in Sources */ = {isa = PBXBuildFile; fileRef = 19497D792406AD590072CFD0 /* CharacterEditViewController.swift */; };
		19497D7C2406B2120072CFD0 /* CharacterEditNameCell.swift in Sources */ = {isa = PBXBuildFile; fileRef = 19497D7B2406B2120072CFD0 /* CharacterEditNameCell.swift */; };
		19497D7E2406B22B0072CFD0 /* CharacterEditPropertyCell.swift in Sources */ = {isa = PBXBuildFile; fileRef = 19497D7D2406B22B0072CFD0 /* CharacterEditPropertyCell.swift */; };
		19497D802406B2440072CFD0 /* CharacterEditPotionCell.swift in Sources */ = {isa = PBXBuildFile; fileRef = 19497D7F2406B2440072CFD0 /* CharacterEditPotionCell.swift */; };
		19497D822406B2570072CFD0 /* CharacterEditInventoryItemCell.swift in Sources */ = {isa = PBXBuildFile; fileRef = 19497D812406B2570072CFD0 /* CharacterEditInventoryItemCell.swift */; };
		196EC2D72430ADFA004732A7 /* EscapeAction.swift in Sources */ = {isa = PBXBuildFile; fileRef = 196EC2D62430ADFA004732A7 /* EscapeAction.swift */; };
		19825BC42441D15500488525 /* scene_036.png in Resources */ = {isa = PBXBuildFile; fileRef = 19825BC32441D15500488525 /* scene_036.png */; };
		19825BC72441DEEE00488525 /* DamageRoll.swift in Sources */ = {isa = PBXBuildFile; fileRef = 19825BC62441DEEE00488525 /* DamageRoll.swift */; };
		19825BC92441EDE000488525 /* ForceAction.swift in Sources */ = {isa = PBXBuildFile; fileRef = 19825BC82441EDE000488525 /* ForceAction.swift */; };
		19825BCB2441F10D00488525 /* Condition.swift in Sources */ = {isa = PBXBuildFile; fileRef = 19825BCA2441F10D00488525 /* Condition.swift */; };
		19825BCD244219E700488525 /* DamageEvent.swift in Sources */ = {isa = PBXBuildFile; fileRef = 19825BCC244219E700488525 /* DamageEvent.swift */; };
		19825BCF2444A3ED00488525 /* FightEvent.swift in Sources */ = {isa = PBXBuildFile; fileRef = 19825BCE2444A3ED00488525 /* FightEvent.swift */; };
		19825BD12444C85000488525 /* PropertyRollAction.swift in Sources */ = {isa = PBXBuildFile; fileRef = 19825BD02444C85000488525 /* PropertyRollAction.swift */; };
		19825BD32444D59D00488525 /* scene_155.png in Resources */ = {isa = PBXBuildFile; fileRef = 19825BD22444D59D00488525 /* scene_155.png */; };
		19825BD5244616DD00488525 /* Shield.swift in Sources */ = {isa = PBXBuildFile; fileRef = 19825BD4244616DD00488525 /* Shield.swift */; };
		19825BD724476D4100488525 /* PropertyRoll.swift in Sources */ = {isa = PBXBuildFile; fileRef = 19825BD624476D4100488525 /* PropertyRoll.swift */; };
		19825BD9244862AA00488525 /* scene_058.png in Resources */ = {isa = PBXBuildFile; fileRef = 19825BD8244862AA00488525 /* scene_058.png */; };
		19825BDD244A0E4A00488525 /* scene_097.png in Resources */ = {isa = PBXBuildFile; fileRef = 19825BDC244A0E4A00488525 /* scene_097.png */; };
		19825BDF244A132600488525 /* scene_106.png in Resources */ = {isa = PBXBuildFile; fileRef = 19825BDE244A132600488525 /* scene_106.png */; };
		19825BE1244B7A4C00488525 /* scene_122.png in Resources */ = {isa = PBXBuildFile; fileRef = 19825BE0244B7A4B00488525 /* scene_122.png */; };
		19825BE3244C61A700488525 /* GambleAction.swift in Sources */ = {isa = PBXBuildFile; fileRef = 19825BE2244C61A700488525 /* GambleAction.swift */; };
		19825BE5244C650700488525 /* Gamble.swift in Sources */ = {isa = PBXBuildFile; fileRef = 19825BE4244C650700488525 /* Gamble.swift */; };
		19825BE7244DAC1300488525 /* scene_134.png in Resources */ = {isa = PBXBuildFile; fileRef = 19825BE6244DAC1200488525 /* scene_134.png */; };
		19825BE9244DAFA500488525 /* Helmet.swift in Sources */ = {isa = PBXBuildFile; fileRef = 19825BE8244DAFA500488525 /* Helmet.swift */; };
		19825BEB244DD4CB00488525 /* QueryAction.swift in Sources */ = {isa = PBXBuildFile; fileRef = 19825BEA244DD4CB00488525 /* QueryAction.swift */; };
		19825BED244DDA1700488525 /* Query.swift in Sources */ = {isa = PBXBuildFile; fileRef = 19825BEC244DDA1700488525 /* Query.swift */; };
		19825BEF244DEE8100488525 /* scene_143.png in Resources */ = {isa = PBXBuildFile; fileRef = 19825BEE244DEE8000488525 /* scene_143.png */; };
		19825BF1244EFD0300488525 /* Sword.swift in Sources */ = {isa = PBXBuildFile; fileRef = 19825BF0244EFD0300488525 /* Sword.swift */; };
		19825BF3244F061E00488525 /* scene_218.png in Resources */ = {isa = PBXBuildFile; fileRef = 19825BF2244F061E00488525 /* scene_218.png */; };
		19825BF5244F079800488525 /* scene_179.png in Resources */ = {isa = PBXBuildFile; fileRef = 19825BF4244F079700488525 /* scene_179.png */; };
		19825BF7244F484F00488525 /* scene_188.png in Resources */ = {isa = PBXBuildFile; fileRef = 19825BF6244F484E00488525 /* scene_188.png */; };
		19825BF9244F52EC00488525 /* scene_193.png in Resources */ = {isa = PBXBuildFile; fileRef = 19825BF8244F52EC00488525 /* scene_193.png */; };
		19825BFB244F59B600488525 /* Glove.swift in Sources */ = {isa = PBXBuildFile; fileRef = 19825BFA244F59B600488525 /* Glove.swift */; };
		19825BFD244F59DA00488525 /* Armor.swift in Sources */ = {isa = PBXBuildFile; fileRef = 19825BFC244F59DA00488525 /* Armor.swift */; };
		19825BFF244F70AE00488525 /* scene_205.png in Resources */ = {isa = PBXBuildFile; fileRef = 19825BFE244F70AD00488525 /* scene_205.png */; };
		19825C01245052C700488525 /* scene_227.png in Resources */ = {isa = PBXBuildFile; fileRef = 19825C00245052C600488525 /* scene_227.png */; };
		19825C032450670E00488525 /* scene_240.png in Resources */ = {isa = PBXBuildFile; fileRef = 19825C022450670D00488525 /* scene_240.png */; };
		19825C052450716500488525 /* ExtraAttack.swift in Sources */ = {isa = PBXBuildFile; fileRef = 19825C042450716500488525 /* ExtraAttack.swift */; };
		19825C072450735A00488525 /* ExtraAttackChoice.swift in Sources */ = {isa = PBXBuildFile; fileRef = 19825C062450735A00488525 /* ExtraAttackChoice.swift */; };
		19825C092450C67800488525 /* scene_251.png in Resources */ = {isa = PBXBuildFile; fileRef = 19825C082450C67600488525 /* scene_251.png */; };
		19825C0B24519BFA00488525 /* scene_266.png in Resources */ = {isa = PBXBuildFile; fileRef = 19825C0A24519BFA00488525 /* scene_266.png */; };
		19825C0D2451AB4000488525 /* scene_287.png in Resources */ = {isa = PBXBuildFile; fileRef = 19825C0C2451AB3F00488525 /* scene_287.png */; };
		19825C0F2451C5FA00488525 /* scene_296.png in Resources */ = {isa = PBXBuildFile; fileRef = 19825C0E2451C5FA00488525 /* scene_296.png */; };
		19825C112451C8CF00488525 /* scene_303.png in Resources */ = {isa = PBXBuildFile; fileRef = 19825C102451C8CE00488525 /* scene_303.png */; };
		19A85599240AB6E6007174C8 /* Strings.swift in Sources */ = {isa = PBXBuildFile; fileRef = 19A85598240AB6E6007174C8 /* Strings.swift */; };
		19A8559C240AC6B6007174C8 /* GameData.swift in Sources */ = {isa = PBXBuildFile; fileRef = 19A8559B240AC6B6007174C8 /* GameData.swift */; };
		19A8559E240ACB5B007174C8 /* Food.swift in Sources */ = {isa = PBXBuildFile; fileRef = 19A8559D240ACB5B007174C8 /* Food.swift */; };
		19A855A0240ACC0B007174C8 /* Money.swift in Sources */ = {isa = PBXBuildFile; fileRef = 19A8559F240ACC0B007174C8 /* Money.swift */; };
		19A855A2240ACE58007174C8 /* InventoryObject.swift in Sources */ = {isa = PBXBuildFile; fileRef = 19A855A1240ACE58007174C8 /* InventoryObject.swift */; };
		19A855A4240BEC95007174C8 /* SceneStoryCell.swift in Sources */ = {isa = PBXBuildFile; fileRef = 19A855A3240BEC95007174C8 /* SceneStoryCell.swift */; };
		19A855A6240BF168007174C8 /* SceneWaypointCell.swift in Sources */ = {isa = PBXBuildFile; fileRef = 19A855A5240BF168007174C8 /* SceneWaypointCell.swift */; };
		19C9151E243B9184002E0102 /* Weapon.swift in Sources */ = {isa = PBXBuildFile; fileRef = 19C9151D243B9183002E0102 /* Weapon.swift */; };
		19D295632430D713003713E5 /* HitBonus.swift in Sources */ = {isa = PBXBuildFile; fileRef = 19D295622430D713003713E5 /* HitBonus.swift */; };
		19D2956824312017003713E5 /* SceneInventoryCell.swift in Sources */ = {isa = PBXBuildFile; fileRef = 19D2956724312017003713E5 /* SceneInventoryCell.swift */; };
		19E193B9242627CC00334B0F /* FightAction.swift in Sources */ = {isa = PBXBuildFile; fileRef = 19E193B8242627CC00334B0F /* FightAction.swift */; };
		19E193BC2426462600334B0F /* FightViewController.swift in Sources */ = {isa = PBXBuildFile; fileRef = 19E193BB2426462600334B0F /* FightViewController.swift */; };
		19E193BF242647FC00334B0F /* FightOpponentCell.swift in Sources */ = {isa = PBXBuildFile; fileRef = 19E193BE242647FC00334B0F /* FightOpponentCell.swift */; };
		19E193C32427990400334B0F /* Opponent.swift in Sources */ = {isa = PBXBuildFile; fileRef = 19E193C22427990400334B0F /* Opponent.swift */; };
		19E193C52427A1E900334B0F /* Alerts.swift in Sources */ = {isa = PBXBuildFile; fileRef = 19E193C42427A1E900334B0F /* Alerts.swift */; };
		19E193C92427E71F00334B0F /* RestAction.swift in Sources */ = {isa = PBXBuildFile; fileRef = 19E193C82427E71F00334B0F /* RestAction.swift */; };
		19E193CB2427F6B300334B0F /* MainTabViewController.swift in Sources */ = {isa = PBXBuildFile; fileRef = 19E193CA2427F6B300334B0F /* MainTabViewController.swift */; };
		19E193CF242BBB9000334B0F /* RollAction.swift in Sources */ = {isa = PBXBuildFile; fileRef = 19E193CE242BBB9000334B0F /* RollAction.swift */; };
		19E193D2242BBD6000334B0F /* RollChoice.swift in Sources */ = {isa = PBXBuildFile; fileRef = 19E193D1242BBD6000334B0F /* RollChoice.swift */; };
		19FC5401242FBEF200988644 /* Bonus.swift in Sources */ = {isa = PBXBuildFile; fileRef = 19FC5400242FBEF200988644 /* Bonus.swift */; };
		19FC5404242FC77300988644 /* LogItem.swift in Sources */ = {isa = PBXBuildFile; fileRef = 19FC5403242FC77300988644 /* LogItem.swift */; };
		19FC5406242FCFEF00988644 /* Date.swift in Sources */ = {isa = PBXBuildFile; fileRef = 19FC5405242FCFEF00988644 /* Date.swift */; };
		19FC5409242FD12700988644 /* LogViewController.swift in Sources */ = {isa = PBXBuildFile; fileRef = 19FC5408242FD12700988644 /* LogViewController.swift */; };
		19FC540B242FD4C000988644 /* LogCell.swift in Sources */ = {isa = PBXBuildFile; fileRef = 19FC540A242FD4C000988644 /* LogCell.swift */; };
		19FCFA92241295D900199175 /* CharacterViewController.swift in Sources */ = {isa = PBXBuildFile; fileRef = 19FCFA91241295D900199175 /* CharacterViewController.swift */; };
		19FCFA942412F98700199175 /* CharacterViewNameCell.swift in Sources */ = {isa = PBXBuildFile; fileRef = 19FCFA932412F98700199175 /* CharacterViewNameCell.swift */; };
		19FCFA962412F99C00199175 /* CharacterViewPropertyCell.swift in Sources */ = {isa = PBXBuildFile; fileRef = 19FCFA952412F99C00199175 /* CharacterViewPropertyCell.swift */; };
		19FCFA982412F9B300199175 /* CharacterViewInventoryCell.swift in Sources */ = {isa = PBXBuildFile; fileRef = 19FCFA972412F9B300199175 /* CharacterViewInventoryCell.swift */; };
		19FCFA9B24157A1900199175 /* scene_009.png in Resources */ = {isa = PBXBuildFile; fileRef = 19FCFA9924157A1800199175 /* scene_009.png */; };
		19FCFA9C24157A1900199175 /* scene_071.png in Resources */ = {isa = PBXBuildFile; fileRef = 19FCFA9A24157A1900199175 /* scene_071.png */; };
		19FCFA9E24157BA000199175 /* SceneActionCell.swift in Sources */ = {isa = PBXBuildFile; fileRef = 19FCFA9D24157BA000199175 /* SceneActionCell.swift */; };
		19FCFAA024157CF100199175 /* TryLuckAction.swift in Sources */ = {isa = PBXBuildFile; fileRef = 19FCFA9F24157CF100199175 /* TryLuckAction.swift */; };
/* End PBXBuildFile section */

/* Begin PBXContainerItemProxy section */
		193015522402BD5200E7B815 /* PBXContainerItemProxy */ = {
			isa = PBXContainerItemProxy;
			containerPortal = 193015302402BD4C00E7B815 /* Project object */;
			proxyType = 1;
			remoteGlobalIDString = 193015372402BD4C00E7B815;
			remoteInfo = DnDclassic;
		};
		1930155D2402BD5300E7B815 /* PBXContainerItemProxy */ = {
			isa = PBXContainerItemProxy;
			containerPortal = 193015302402BD4C00E7B815 /* Project object */;
			proxyType = 1;
			remoteGlobalIDString = 193015372402BD4C00E7B815;
			remoteInfo = DnDclassic;
		};
/* End PBXContainerItemProxy section */

/* Begin PBXFileReference section */
		193015382402BD4C00E7B815 /* DnDclassic.app */ = {isa = PBXFileReference; explicitFileType = wrapper.application; includeInIndex = 0; path = DnDclassic.app; sourceTree = BUILT_PRODUCTS_DIR; };
		1930153B2402BD4C00E7B815 /* AppDelegate.swift */ = {isa = PBXFileReference; lastKnownFileType = sourcecode.swift; path = AppDelegate.swift; sourceTree = "<group>"; };
		1930153D2402BD4C00E7B815 /* SceneDelegate.swift */ = {isa = PBXFileReference; lastKnownFileType = sourcecode.swift; path = SceneDelegate.swift; sourceTree = "<group>"; };
		193015422402BD4C00E7B815 /* Base */ = {isa = PBXFileReference; lastKnownFileType = file.storyboard; name = Base; path = Base.lproj/Main.storyboard; sourceTree = "<group>"; };
		193015452402BD4C00E7B815 /* DnDclassic.xcdatamodel */ = {isa = PBXFileReference; lastKnownFileType = wrapper.xcdatamodel; path = DnDclassic.xcdatamodel; sourceTree = "<group>"; };
		193015472402BD5200E7B815 /* Assets.xcassets */ = {isa = PBXFileReference; lastKnownFileType = folder.assetcatalog; path = Assets.xcassets; sourceTree = "<group>"; };
		1930154A2402BD5200E7B815 /* Base */ = {isa = PBXFileReference; lastKnownFileType = file.storyboard; name = Base; path = Base.lproj/LaunchScreen.storyboard; sourceTree = "<group>"; };
		1930154C2402BD5200E7B815 /* Info.plist */ = {isa = PBXFileReference; lastKnownFileType = text.plist.xml; path = Info.plist; sourceTree = "<group>"; };
		193015512402BD5200E7B815 /* DnDclassicTests.xctest */ = {isa = PBXFileReference; explicitFileType = wrapper.cfbundle; includeInIndex = 0; path = DnDclassicTests.xctest; sourceTree = BUILT_PRODUCTS_DIR; };
		193015572402BD5200E7B815 /* Info.plist */ = {isa = PBXFileReference; lastKnownFileType = text.plist.xml; path = Info.plist; sourceTree = "<group>"; };
		1930155C2402BD5300E7B815 /* DnDclassicUITests.xctest */ = {isa = PBXFileReference; explicitFileType = wrapper.cfbundle; includeInIndex = 0; path = DnDclassicUITests.xctest; sourceTree = BUILT_PRODUCTS_DIR; };
		193015602402BD5300E7B815 /* DnDclassicUITests.swift */ = {isa = PBXFileReference; lastKnownFileType = sourcecode.swift; path = DnDclassicUITests.swift; sourceTree = "<group>"; };
		193015622402BD5300E7B815 /* Info.plist */ = {isa = PBXFileReference; lastKnownFileType = text.plist.xml; path = Info.plist; sourceTree = "<group>"; };
		193015732402C0B700E7B815 /* Dice.swift */ = {isa = PBXFileReference; lastKnownFileType = sourcecode.swift; path = Dice.swift; sourceTree = "<group>"; };
		193015752402C2E500E7B815 /* CharacterProperty.swift */ = {isa = PBXFileReference; lastKnownFileType = sourcecode.swift; path = CharacterProperty.swift; sourceTree = "<group>"; };
		193015772402C5B100E7B815 /* Potion.swift */ = {isa = PBXFileReference; lastKnownFileType = sourcecode.swift; path = Potion.swift; sourceTree = "<group>"; };
		193015792402CAC600E7B815 /* Fight.swift */ = {isa = PBXFileReference; lastKnownFileType = sourcecode.swift; path = Fight.swift; sourceTree = "<group>"; };
		1930157B2402D3C400E7B815 /* PlayerTests.swift */ = {isa = PBXFileReference; lastKnownFileType = sourcecode.swift; path = PlayerTests.swift; sourceTree = "<group>"; };
		1930157D2402D51D00E7B815 /* FightTests.swift */ = {isa = PBXFileReference; lastKnownFileType = sourcecode.swift; path = FightTests.swift; sourceTree = "<group>"; };
		1930157F2402DC7300E7B815 /* InventoryItem.swift */ = {isa = PBXFileReference; lastKnownFileType = sourcecode.swift; path = InventoryItem.swift; sourceTree = "<group>"; };
		19301581240310F400E7B815 /* Scene.swift */ = {isa = PBXFileReference; lastKnownFileType = sourcecode.swift; path = Scene.swift; sourceTree = "<group>"; };
		193015832403118A00E7B815 /* Direction.swift */ = {isa = PBXFileReference; lastKnownFileType = sourcecode.swift; path = Direction.swift; sourceTree = "<group>"; };
		193015852403120700E7B815 /* WayPoint.swift */ = {isa = PBXFileReference; lastKnownFileType = sourcecode.swift; path = WayPoint.swift; sourceTree = "<group>"; };
		19301587240316D700E7B815 /* Game.swift */ = {isa = PBXFileReference; lastKnownFileType = sourcecode.swift; path = Game.swift; sourceTree = "<group>"; };
		1930158A240318DE00E7B815 /* cover.png */ = {isa = PBXFileReference; lastKnownFileType = image.png; path = cover.png; sourceTree = "<group>"; };
		1930158C24031CD800E7B815 /* scene_001.png */ = {isa = PBXFileReference; lastKnownFileType = image.png; path = scene_001.png; sourceTree = "<group>"; };
		1930158E24031E4400E7B815 /* Action.swift */ = {isa = PBXFileReference; lastKnownFileType = sourcecode.swift; path = Action.swift; sourceTree = "<group>"; };
		19497D682405876A0072CFD0 /* Deserializable.swift */ = {isa = PBXFileReference; lastKnownFileType = sourcecode.swift; path = Deserializable.swift; sourceTree = "<group>"; };
		19497D6A240587A00072CFD0 /* ObjectDefinitions.swift */ = {isa = PBXFileReference; lastKnownFileType = sourcecode.swift; path = ObjectDefinitions.swift; sourceTree = "<group>"; };
		19497D6C2405930C0072CFD0 /* warlock-firetop-mountain.json */ = {isa = PBXFileReference; fileEncoding = 4; lastKnownFileType = text.json; path = "warlock-firetop-mountain.json"; sourceTree = "<group>"; };
		19497D702405AE400072CFD0 /* SceneViewController.swift */ = {isa = PBXFileReference; lastKnownFileType = sourcecode.swift; path = SceneViewController.swift; sourceTree = "<group>"; };
		19497D722405AF0A0072CFD0 /* IntroViewController.swift */ = {isa = PBXFileReference; lastKnownFileType = sourcecode.swift; path = IntroViewController.swift; sourceTree = "<group>"; };
		19497D762406AC620072CFD0 /* Character.swift */ = {isa = PBXFileReference; fileEncoding = 4; lastKnownFileType = sourcecode.swift; path = Character.swift; sourceTree = "<group>"; };
		19497D792406AD590072CFD0 /* CharacterEditViewController.swift */ = {isa = PBXFileReference; lastKnownFileType = sourcecode.swift; path = CharacterEditViewController.swift; sourceTree = "<group>"; };
		19497D7B2406B2120072CFD0 /* CharacterEditNameCell.swift */ = {isa = PBXFileReference; lastKnownFileType = sourcecode.swift; path = CharacterEditNameCell.swift; sourceTree = "<group>"; };
		19497D7D2406B22B0072CFD0 /* CharacterEditPropertyCell.swift */ = {isa = PBXFileReference; lastKnownFileType = sourcecode.swift; path = CharacterEditPropertyCell.swift; sourceTree = "<group>"; };
		19497D7F2406B2440072CFD0 /* CharacterEditPotionCell.swift */ = {isa = PBXFileReference; lastKnownFileType = sourcecode.swift; path = CharacterEditPotionCell.swift; sourceTree = "<group>"; };
		19497D812406B2570072CFD0 /* CharacterEditInventoryItemCell.swift */ = {isa = PBXFileReference; lastKnownFileType = sourcecode.swift; path = CharacterEditInventoryItemCell.swift; sourceTree = "<group>"; };
		196EC2D62430ADFA004732A7 /* EscapeAction.swift */ = {isa = PBXFileReference; lastKnownFileType = sourcecode.swift; path = EscapeAction.swift; sourceTree = "<group>"; };
		19825BC32441D15500488525 /* scene_036.png */ = {isa = PBXFileReference; lastKnownFileType = image.png; path = scene_036.png; sourceTree = "<group>"; };
		19825BC62441DEEE00488525 /* DamageRoll.swift */ = {isa = PBXFileReference; lastKnownFileType = sourcecode.swift; path = DamageRoll.swift; sourceTree = "<group>"; };
		19825BC82441EDE000488525 /* ForceAction.swift */ = {isa = PBXFileReference; lastKnownFileType = sourcecode.swift; path = ForceAction.swift; sourceTree = "<group>"; };
		19825BCA2441F10D00488525 /* Condition.swift */ = {isa = PBXFileReference; lastKnownFileType = sourcecode.swift; path = Condition.swift; sourceTree = "<group>"; };
		19825BCC244219E700488525 /* DamageEvent.swift */ = {isa = PBXFileReference; lastKnownFileType = sourcecode.swift; path = DamageEvent.swift; sourceTree = "<group>"; };
		19825BCE2444A3ED00488525 /* FightEvent.swift */ = {isa = PBXFileReference; lastKnownFileType = sourcecode.swift; path = FightEvent.swift; sourceTree = "<group>"; };
		19825BD02444C85000488525 /* PropertyRollAction.swift */ = {isa = PBXFileReference; lastKnownFileType = sourcecode.swift; path = PropertyRollAction.swift; sourceTree = "<group>"; };
		19825BD22444D59D00488525 /* scene_155.png */ = {isa = PBXFileReference; lastKnownFileType = image.png; path = scene_155.png; sourceTree = "<group>"; };
		19825BD4244616DD00488525 /* Shield.swift */ = {isa = PBXFileReference; lastKnownFileType = sourcecode.swift; path = Shield.swift; sourceTree = "<group>"; };
		19825BD624476D4100488525 /* PropertyRoll.swift */ = {isa = PBXFileReference; lastKnownFileType = sourcecode.swift; path = PropertyRoll.swift; sourceTree = "<group>"; };
		19825BD8244862AA00488525 /* scene_058.png */ = {isa = PBXFileReference; lastKnownFileType = image.png; path = scene_058.png; sourceTree = "<group>"; };
		19825BDC244A0E4A00488525 /* scene_097.png */ = {isa = PBXFileReference; lastKnownFileType = image.png; path = scene_097.png; sourceTree = "<group>"; };
		19825BDE244A132600488525 /* scene_106.png */ = {isa = PBXFileReference; lastKnownFileType = image.png; path = scene_106.png; sourceTree = "<group>"; };
		19825BE0244B7A4B00488525 /* scene_122.png */ = {isa = PBXFileReference; lastKnownFileType = image.png; path = scene_122.png; sourceTree = "<group>"; };
		19825BE2244C61A700488525 /* GambleAction.swift */ = {isa = PBXFileReference; lastKnownFileType = sourcecode.swift; path = GambleAction.swift; sourceTree = "<group>"; };
		19825BE4244C650700488525 /* Gamble.swift */ = {isa = PBXFileReference; lastKnownFileType = sourcecode.swift; path = Gamble.swift; sourceTree = "<group>"; };
		19825BE6244DAC1200488525 /* scene_134.png */ = {isa = PBXFileReference; lastKnownFileType = image.png; path = scene_134.png; sourceTree = "<group>"; };
		19825BE8244DAFA500488525 /* Helmet.swift */ = {isa = PBXFileReference; lastKnownFileType = sourcecode.swift; path = Helmet.swift; sourceTree = "<group>"; };
		19825BEA244DD4CB00488525 /* QueryAction.swift */ = {isa = PBXFileReference; lastKnownFileType = sourcecode.swift; path = QueryAction.swift; sourceTree = "<group>"; };
		19825BEC244DDA1700488525 /* Query.swift */ = {isa = PBXFileReference; lastKnownFileType = sourcecode.swift; path = Query.swift; sourceTree = "<group>"; };
		19825BEE244DEE8000488525 /* scene_143.png */ = {isa = PBXFileReference; lastKnownFileType = image.png; path = scene_143.png; sourceTree = "<group>"; };
		19825BF0244EFD0300488525 /* Sword.swift */ = {isa = PBXFileReference; lastKnownFileType = sourcecode.swift; path = Sword.swift; sourceTree = "<group>"; };
		19825BF2244F061E00488525 /* scene_218.png */ = {isa = PBXFileReference; lastKnownFileType = image.png; path = scene_218.png; sourceTree = "<group>"; };
		19825BF4244F079700488525 /* scene_179.png */ = {isa = PBXFileReference; lastKnownFileType = image.png; path = scene_179.png; sourceTree = "<group>"; };
		19825BF6244F484E00488525 /* scene_188.png */ = {isa = PBXFileReference; lastKnownFileType = image.png; path = scene_188.png; sourceTree = "<group>"; };
		19825BF8244F52EC00488525 /* scene_193.png */ = {isa = PBXFileReference; lastKnownFileType = image.png; path = scene_193.png; sourceTree = "<group>"; };
		19825BFA244F59B600488525 /* Glove.swift */ = {isa = PBXFileReference; lastKnownFileType = sourcecode.swift; path = Glove.swift; sourceTree = "<group>"; };
		19825BFC244F59DA00488525 /* Armor.swift */ = {isa = PBXFileReference; lastKnownFileType = sourcecode.swift; path = Armor.swift; sourceTree = "<group>"; };
		19825BFE244F70AD00488525 /* scene_205.png */ = {isa = PBXFileReference; lastKnownFileType = image.png; path = scene_205.png; sourceTree = "<group>"; };
		19825C00245052C600488525 /* scene_227.png */ = {isa = PBXFileReference; lastKnownFileType = image.png; path = scene_227.png; sourceTree = "<group>"; };
		19825C022450670D00488525 /* scene_240.png */ = {isa = PBXFileReference; lastKnownFileType = image.png; path = scene_240.png; sourceTree = "<group>"; };
		19825C042450716500488525 /* ExtraAttack.swift */ = {isa = PBXFileReference; lastKnownFileType = sourcecode.swift; path = ExtraAttack.swift; sourceTree = "<group>"; };
		19825C062450735A00488525 /* ExtraAttackChoice.swift */ = {isa = PBXFileReference; lastKnownFileType = sourcecode.swift; path = ExtraAttackChoice.swift; sourceTree = "<group>"; };
		19825C082450C67600488525 /* scene_251.png */ = {isa = PBXFileReference; lastKnownFileType = image.png; path = scene_251.png; sourceTree = "<group>"; };
		19825C0A24519BFA00488525 /* scene_266.png */ = {isa = PBXFileReference; lastKnownFileType = image.png; path = scene_266.png; sourceTree = "<group>"; };
		19825C0C2451AB3F00488525 /* scene_287.png */ = {isa = PBXFileReference; lastKnownFileType = image.png; path = scene_287.png; sourceTree = "<group>"; };
		19825C0E2451C5FA00488525 /* scene_296.png */ = {isa = PBXFileReference; lastKnownFileType = image.png; path = scene_296.png; sourceTree = "<group>"; };
		19825C102451C8CE00488525 /* scene_303.png */ = {isa = PBXFileReference; lastKnownFileType = image.png; path = scene_303.png; sourceTree = "<group>"; };
		19A85598240AB6E6007174C8 /* Strings.swift */ = {isa = PBXFileReference; lastKnownFileType = sourcecode.swift; path = Strings.swift; sourceTree = "<group>"; };
		19A8559B240AC6B6007174C8 /* GameData.swift */ = {isa = PBXFileReference; lastKnownFileType = sourcecode.swift; path = GameData.swift; sourceTree = "<group>"; };
		19A8559D240ACB5B007174C8 /* Food.swift */ = {isa = PBXFileReference; lastKnownFileType = sourcecode.swift; path = Food.swift; sourceTree = "<group>"; };
		19A8559F240ACC0B007174C8 /* Money.swift */ = {isa = PBXFileReference; lastKnownFileType = sourcecode.swift; path = Money.swift; sourceTree = "<group>"; };
		19A855A1240ACE58007174C8 /* InventoryObject.swift */ = {isa = PBXFileReference; lastKnownFileType = sourcecode.swift; path = InventoryObject.swift; sourceTree = "<group>"; };
		19A855A3240BEC95007174C8 /* SceneStoryCell.swift */ = {isa = PBXFileReference; lastKnownFileType = sourcecode.swift; path = SceneStoryCell.swift; sourceTree = "<group>"; };
		19A855A5240BF168007174C8 /* SceneWaypointCell.swift */ = {isa = PBXFileReference; lastKnownFileType = sourcecode.swift; path = SceneWaypointCell.swift; sourceTree = "<group>"; };
		19C9151D243B9183002E0102 /* Weapon.swift */ = {isa = PBXFileReference; lastKnownFileType = sourcecode.swift; path = Weapon.swift; sourceTree = "<group>"; };
		19D295622430D713003713E5 /* HitBonus.swift */ = {isa = PBXFileReference; lastKnownFileType = sourcecode.swift; path = HitBonus.swift; sourceTree = "<group>"; };
		19D2956724312017003713E5 /* SceneInventoryCell.swift */ = {isa = PBXFileReference; lastKnownFileType = sourcecode.swift; path = SceneInventoryCell.swift; sourceTree = "<group>"; };
		19E193B8242627CC00334B0F /* FightAction.swift */ = {isa = PBXFileReference; lastKnownFileType = sourcecode.swift; path = FightAction.swift; sourceTree = "<group>"; };
		19E193BB2426462600334B0F /* FightViewController.swift */ = {isa = PBXFileReference; lastKnownFileType = sourcecode.swift; path = FightViewController.swift; sourceTree = "<group>"; };
		19E193BE242647FC00334B0F /* FightOpponentCell.swift */ = {isa = PBXFileReference; lastKnownFileType = sourcecode.swift; path = FightOpponentCell.swift; sourceTree = "<group>"; };
		19E193C22427990400334B0F /* Opponent.swift */ = {isa = PBXFileReference; lastKnownFileType = sourcecode.swift; path = Opponent.swift; sourceTree = "<group>"; };
		19E193C42427A1E900334B0F /* Alerts.swift */ = {isa = PBXFileReference; lastKnownFileType = sourcecode.swift; path = Alerts.swift; sourceTree = "<group>"; };
		19E193C82427E71F00334B0F /* RestAction.swift */ = {isa = PBXFileReference; lastKnownFileType = sourcecode.swift; path = RestAction.swift; sourceTree = "<group>"; };
		19E193CA2427F6B300334B0F /* MainTabViewController.swift */ = {isa = PBXFileReference; lastKnownFileType = sourcecode.swift; path = MainTabViewController.swift; sourceTree = "<group>"; };
		19E193CE242BBB9000334B0F /* RollAction.swift */ = {isa = PBXFileReference; lastKnownFileType = sourcecode.swift; path = RollAction.swift; sourceTree = "<group>"; };
		19E193D1242BBD6000334B0F /* RollChoice.swift */ = {isa = PBXFileReference; lastKnownFileType = sourcecode.swift; path = RollChoice.swift; sourceTree = "<group>"; };
		19FC5400242FBEF200988644 /* Bonus.swift */ = {isa = PBXFileReference; lastKnownFileType = sourcecode.swift; path = Bonus.swift; sourceTree = "<group>"; };
		19FC5403242FC77300988644 /* LogItem.swift */ = {isa = PBXFileReference; lastKnownFileType = sourcecode.swift; path = LogItem.swift; sourceTree = "<group>"; };
		19FC5405242FCFEF00988644 /* Date.swift */ = {isa = PBXFileReference; lastKnownFileType = sourcecode.swift; path = Date.swift; sourceTree = "<group>"; };
		19FC5408242FD12700988644 /* LogViewController.swift */ = {isa = PBXFileReference; lastKnownFileType = sourcecode.swift; path = LogViewController.swift; sourceTree = "<group>"; };
		19FC540A242FD4C000988644 /* LogCell.swift */ = {isa = PBXFileReference; lastKnownFileType = sourcecode.swift; path = LogCell.swift; sourceTree = "<group>"; };
		19FCFA91241295D900199175 /* CharacterViewController.swift */ = {isa = PBXFileReference; lastKnownFileType = sourcecode.swift; path = CharacterViewController.swift; sourceTree = "<group>"; };
		19FCFA932412F98700199175 /* CharacterViewNameCell.swift */ = {isa = PBXFileReference; lastKnownFileType = sourcecode.swift; path = CharacterViewNameCell.swift; sourceTree = "<group>"; };
		19FCFA952412F99C00199175 /* CharacterViewPropertyCell.swift */ = {isa = PBXFileReference; lastKnownFileType = sourcecode.swift; path = CharacterViewPropertyCell.swift; sourceTree = "<group>"; };
		19FCFA972412F9B300199175 /* CharacterViewInventoryCell.swift */ = {isa = PBXFileReference; lastKnownFileType = sourcecode.swift; path = CharacterViewInventoryCell.swift; sourceTree = "<group>"; };
		19FCFA9924157A1800199175 /* scene_009.png */ = {isa = PBXFileReference; lastKnownFileType = image.png; path = scene_009.png; sourceTree = "<group>"; };
		19FCFA9A24157A1900199175 /* scene_071.png */ = {isa = PBXFileReference; lastKnownFileType = image.png; path = scene_071.png; sourceTree = "<group>"; };
		19FCFA9D24157BA000199175 /* SceneActionCell.swift */ = {isa = PBXFileReference; lastKnownFileType = sourcecode.swift; path = SceneActionCell.swift; sourceTree = "<group>"; };
		19FCFA9F24157CF100199175 /* TryLuckAction.swift */ = {isa = PBXFileReference; lastKnownFileType = sourcecode.swift; path = TryLuckAction.swift; sourceTree = "<group>"; };
/* End PBXFileReference section */

/* Begin PBXFrameworksBuildPhase section */
		193015352402BD4C00E7B815 /* Frameworks */ = {
			isa = PBXFrameworksBuildPhase;
			buildActionMask = 2147483647;
			files = (
			);
			runOnlyForDeploymentPostprocessing = 0;
		};
		1930154E2402BD5200E7B815 /* Frameworks */ = {
			isa = PBXFrameworksBuildPhase;
			buildActionMask = 2147483647;
			files = (
			);
			runOnlyForDeploymentPostprocessing = 0;
		};
		193015592402BD5300E7B815 /* Frameworks */ = {
			isa = PBXFrameworksBuildPhase;
			buildActionMask = 2147483647;
			files = (
			);
			runOnlyForDeploymentPostprocessing = 0;
		};
/* End PBXFrameworksBuildPhase section */

/* Begin PBXGroup section */
		1930152F2402BD4C00E7B815 = {
			isa = PBXGroup;
			children = (
				1930153A2402BD4C00E7B815 /* DnDclassic */,
				193015542402BD5200E7B815 /* DnDclassicTests */,
				1930155F2402BD5300E7B815 /* DnDclassicUITests */,
				193015392402BD4C00E7B815 /* Products */,
			);
			sourceTree = "<group>";
		};
		193015392402BD4C00E7B815 /* Products */ = {
			isa = PBXGroup;
			children = (
				193015382402BD4C00E7B815 /* DnDclassic.app */,
				193015512402BD5200E7B815 /* DnDclassicTests.xctest */,
				1930155C2402BD5300E7B815 /* DnDclassicUITests.xctest */,
			);
			name = Products;
			sourceTree = "<group>";
		};
		1930153A2402BD4C00E7B815 /* DnDclassic */ = {
			isa = PBXGroup;
			children = (
				19A85597240AB6D4007174C8 /* Extensions */,
				19497D6E2405AE020072CFD0 /* UI */,
				19301589240318DE00E7B815 /* Resources */,
				1930156E2402BD6B00E7B815 /* Objects */,
				19A8559A240AC69F007174C8 /* Application */,
				193015472402BD5200E7B815 /* Assets.xcassets */,
				193015492402BD5200E7B815 /* LaunchScreen.storyboard */,
				1930154C2402BD5200E7B815 /* Info.plist */,
				193015442402BD4C00E7B815 /* DnDclassic.xcdatamodeld */,
			);
			path = DnDclassic;
			sourceTree = "<group>";
		};
		193015542402BD5200E7B815 /* DnDclassicTests */ = {
			isa = PBXGroup;
			children = (
				193015572402BD5200E7B815 /* Info.plist */,
				1930157B2402D3C400E7B815 /* PlayerTests.swift */,
				1930157D2402D51D00E7B815 /* FightTests.swift */,
			);
			path = DnDclassicTests;
			sourceTree = "<group>";
		};
		1930155F2402BD5300E7B815 /* DnDclassicUITests */ = {
			isa = PBXGroup;
			children = (
				193015602402BD5300E7B815 /* DnDclassicUITests.swift */,
				193015622402BD5300E7B815 /* Info.plist */,
			);
			path = DnDclassicUITests;
			sourceTree = "<group>";
		};
		1930156E2402BD6B00E7B815 /* Objects */ = {
			isa = PBXGroup;
			children = (
				19FC5402242FC73B00988644 /* Character */,
				19497D67240587500072CFD0 /* Definitions */,
				193015732402C0B700E7B815 /* Dice.swift */,
				19D29566243113C8003713E5 /* Inventory */,
				19825BC52441DED200488525 /* Fight */,
				19FC5400242FBEF200988644 /* Bonus.swift */,
				19FC540C2430A04D00988644 /* Scene */,
				19301587240316D700E7B815 /* Game.swift */,
				19E193D0242BBBA100334B0F /* Actions */,
				19825BE4244C650700488525 /* Gamble.swift */,
				19825BEC244DDA1700488525 /* Query.swift */,
			);
			path = Objects;
			sourceTree = "<group>";
		};
		19301589240318DE00E7B815 /* Resources */ = {
			isa = PBXGroup;
			children = (
				19825C102451C8CE00488525 /* scene_303.png */,
				19825C0E2451C5FA00488525 /* scene_296.png */,
				19825C0C2451AB3F00488525 /* scene_287.png */,
				19825C0A24519BFA00488525 /* scene_266.png */,
				19825C082450C67600488525 /* scene_251.png */,
				19825C022450670D00488525 /* scene_240.png */,
				19825C00245052C600488525 /* scene_227.png */,
				19825BFE244F70AD00488525 /* scene_205.png */,
				19825BF8244F52EC00488525 /* scene_193.png */,
				19825BF6244F484E00488525 /* scene_188.png */,
				19825BF4244F079700488525 /* scene_179.png */,
				19825BF2244F061E00488525 /* scene_218.png */,
				19825BEE244DEE8000488525 /* scene_143.png */,
				19825BE6244DAC1200488525 /* scene_134.png */,
				19825BE0244B7A4B00488525 /* scene_122.png */,
				19825BDE244A132600488525 /* scene_106.png */,
				19825BDC244A0E4A00488525 /* scene_097.png */,
				19825BD8244862AA00488525 /* scene_058.png */,
				19825BD22444D59D00488525 /* scene_155.png */,
				19825BC32441D15500488525 /* scene_036.png */,
				19497D6C2405930C0072CFD0 /* warlock-firetop-mountain.json */,
				1930158C24031CD800E7B815 /* scene_001.png */,
				19FCFA9924157A1800199175 /* scene_009.png */,
				19FCFA9A24157A1900199175 /* scene_071.png */,
				1930158A240318DE00E7B815 /* cover.png */,
			);
			path = Resources;
			sourceTree = "<group>";
		};
		19497D67240587500072CFD0 /* Definitions */ = {
			isa = PBXGroup;
			children = (
				19497D682405876A0072CFD0 /* Deserializable.swift */,
				19497D6A240587A00072CFD0 /* ObjectDefinitions.swift */,
			);
			name = Definitions;
			sourceTree = "<group>";
		};
		19497D6E2405AE020072CFD0 /* UI */ = {
			isa = PBXGroup;
			children = (
				19FC5407242FD11000988644 /* Log */,
				19E193BA2426404700334B0F /* Fight */,
				193015412402BD4C00E7B815 /* Main.storyboard */,
				19497D782406AD370072CFD0 /* Character */,
				19497D6F2405AE100072CFD0 /* Scene */,
				19E193CA2427F6B300334B0F /* MainTabViewController.swift */,
			);
			path = UI;
			sourceTree = "<group>";
		};
		19497D6F2405AE100072CFD0 /* Scene */ = {
			isa = PBXGroup;
			children = (
				19497D702405AE400072CFD0 /* SceneViewController.swift */,
				19A855A3240BEC95007174C8 /* SceneStoryCell.swift */,
				19497D722405AF0A0072CFD0 /* IntroViewController.swift */,
				19A855A5240BF168007174C8 /* SceneWaypointCell.swift */,
				19FCFA9D24157BA000199175 /* SceneActionCell.swift */,
				19D2956724312017003713E5 /* SceneInventoryCell.swift */,
			);
			name = Scene;
			sourceTree = "<group>";
		};
		19497D782406AD370072CFD0 /* Character */ = {
			isa = PBXGroup;
			children = (
				19FCFA90241295AF00199175 /* View */,
				19FCFA8F2412956800199175 /* Edit */,
			);
			name = Character;
			sourceTree = "<group>";
		};
		19825BC52441DED200488525 /* Fight */ = {
			isa = PBXGroup;
			children = (
				193015792402CAC600E7B815 /* Fight.swift */,
				19D295622430D713003713E5 /* HitBonus.swift */,
				19825BC62441DEEE00488525 /* DamageRoll.swift */,
				19825BCC244219E700488525 /* DamageEvent.swift */,
				19825BCE2444A3ED00488525 /* FightEvent.swift */,
				19825C042450716500488525 /* ExtraAttack.swift */,
				19825C062450735A00488525 /* ExtraAttackChoice.swift */,
			);
			name = Fight;
			sourceTree = "<group>";
		};
		19A85597240AB6D4007174C8 /* Extensions */ = {
			isa = PBXGroup;
			children = (
				19A85598240AB6E6007174C8 /* Strings.swift */,
				19E193C42427A1E900334B0F /* Alerts.swift */,
				19FC5405242FCFEF00988644 /* Date.swift */,
			);
			path = Extensions;
			sourceTree = "<group>";
		};
		19A8559A240AC69F007174C8 /* Application */ = {
			isa = PBXGroup;
			children = (
				1930153B2402BD4C00E7B815 /* AppDelegate.swift */,
				1930153D2402BD4C00E7B815 /* SceneDelegate.swift */,
				19A8559B240AC6B6007174C8 /* GameData.swift */,
			);
			path = Application;
			sourceTree = "<group>";
		};
		19D29566243113C8003713E5 /* Inventory */ = {
			isa = PBXGroup;
			children = (
				1930157F2402DC7300E7B815 /* InventoryItem.swift */,
				193015772402C5B100E7B815 /* Potion.swift */,
				19A855A1240ACE58007174C8 /* InventoryObject.swift */,
				19A8559D240ACB5B007174C8 /* Food.swift */,
				19A8559F240ACC0B007174C8 /* Money.swift */,
				19C9151D243B9183002E0102 /* Weapon.swift */,
				19825BF0244EFD0300488525 /* Sword.swift */,
				19825BFC244F59DA00488525 /* Armor.swift */,
				19825BD4244616DD00488525 /* Shield.swift */,
				19825BE8244DAFA500488525 /* Helmet.swift */,
				19825BFA244F59B600488525 /* Glove.swift */,
			);
			name = Inventory;
			sourceTree = "<group>";
		};
		19E193BA2426404700334B0F /* Fight */ = {
			isa = PBXGroup;
			children = (
				19E193BB2426462600334B0F /* FightViewController.swift */,
				19E193BE242647FC00334B0F /* FightOpponentCell.swift */,
			);
			name = Fight;
			sourceTree = "<group>";
		};
		19E193D0242BBBA100334B0F /* Actions */ = {
			isa = PBXGroup;
			children = (
				1930158E24031E4400E7B815 /* Action.swift */,
				19E193B8242627CC00334B0F /* FightAction.swift */,
				19E193C82427E71F00334B0F /* RestAction.swift */,
				19E193CE242BBB9000334B0F /* RollAction.swift */,
				19E193D1242BBD6000334B0F /* RollChoice.swift */,
				196EC2D62430ADFA004732A7 /* EscapeAction.swift */,
				19825BC82441EDE000488525 /* ForceAction.swift */,
				19825BD02444C85000488525 /* PropertyRollAction.swift */,
				19825BD624476D4100488525 /* PropertyRoll.swift */,
				19FCFA9F24157CF100199175 /* TryLuckAction.swift */,
				19825BE2244C61A700488525 /* GambleAction.swift */,
				19825BEA244DD4CB00488525 /* QueryAction.swift */,
			);
			name = Actions;
			sourceTree = "<group>";
		};
		19FC5402242FC73B00988644 /* Character */ = {
			isa = PBXGroup;
			children = (
				19497D762406AC620072CFD0 /* Character.swift */,
				19E193C22427990400334B0F /* Opponent.swift */,
				193015752402C2E500E7B815 /* CharacterProperty.swift */,
				19FC5403242FC77300988644 /* LogItem.swift */,
			);
			name = Character;
			sourceTree = "<group>";
		};
		19FC5407242FD11000988644 /* Log */ = {
			isa = PBXGroup;
			children = (
				19FC5408242FD12700988644 /* LogViewController.swift */,
				19FC540A242FD4C000988644 /* LogCell.swift */,
			);
			name = Log;
			sourceTree = "<group>";
		};
		19FC540C2430A04D00988644 /* Scene */ = {
			isa = PBXGroup;
			children = (
				19301581240310F400E7B815 /* Scene.swift */,
				193015832403118A00E7B815 /* Direction.swift */,
				193015852403120700E7B815 /* WayPoint.swift */,
				19825BCA2441F10D00488525 /* Condition.swift */,
			);
			name = Scene;
			sourceTree = "<group>";
		};
		19FCFA8F2412956800199175 /* Edit */ = {
			isa = PBXGroup;
			children = (
				19497D792406AD590072CFD0 /* CharacterEditViewController.swift */,
				19497D7B2406B2120072CFD0 /* CharacterEditNameCell.swift */,
				19497D7D2406B22B0072CFD0 /* CharacterEditPropertyCell.swift */,
				19497D7F2406B2440072CFD0 /* CharacterEditPotionCell.swift */,
				19497D812406B2570072CFD0 /* CharacterEditInventoryItemCell.swift */,
			);
			name = Edit;
			sourceTree = "<group>";
		};
		19FCFA90241295AF00199175 /* View */ = {
			isa = PBXGroup;
			children = (
				19FCFA91241295D900199175 /* CharacterViewController.swift */,
				19FCFA932412F98700199175 /* CharacterViewNameCell.swift */,
				19FCFA952412F99C00199175 /* CharacterViewPropertyCell.swift */,
				19FCFA972412F9B300199175 /* CharacterViewInventoryCell.swift */,
			);
			name = View;
			sourceTree = "<group>";
		};
/* End PBXGroup section */

/* Begin PBXNativeTarget section */
		193015372402BD4C00E7B815 /* DnDclassic */ = {
			isa = PBXNativeTarget;
			buildConfigurationList = 193015652402BD5300E7B815 /* Build configuration list for PBXNativeTarget "DnDclassic" */;
			buildPhases = (
				193015342402BD4C00E7B815 /* Sources */,
				193015352402BD4C00E7B815 /* Frameworks */,
				193015362402BD4C00E7B815 /* Resources */,
			);
			buildRules = (
			);
			dependencies = (
			);
			name = DnDclassic;
			productName = DnDclassic;
			productReference = 193015382402BD4C00E7B815 /* DnDclassic.app */;
			productType = "com.apple.product-type.application";
		};
		193015502402BD5200E7B815 /* DnDclassicTests */ = {
			isa = PBXNativeTarget;
			buildConfigurationList = 193015682402BD5300E7B815 /* Build configuration list for PBXNativeTarget "DnDclassicTests" */;
			buildPhases = (
				1930154D2402BD5200E7B815 /* Sources */,
				1930154E2402BD5200E7B815 /* Frameworks */,
				1930154F2402BD5200E7B815 /* Resources */,
			);
			buildRules = (
			);
			dependencies = (
				193015532402BD5200E7B815 /* PBXTargetDependency */,
			);
			name = DnDclassicTests;
			productName = DnDclassicTests;
			productReference = 193015512402BD5200E7B815 /* DnDclassicTests.xctest */;
			productType = "com.apple.product-type.bundle.unit-test";
		};
		1930155B2402BD5300E7B815 /* DnDclassicUITests */ = {
			isa = PBXNativeTarget;
			buildConfigurationList = 1930156B2402BD5300E7B815 /* Build configuration list for PBXNativeTarget "DnDclassicUITests" */;
			buildPhases = (
				193015582402BD5300E7B815 /* Sources */,
				193015592402BD5300E7B815 /* Frameworks */,
				1930155A2402BD5300E7B815 /* Resources */,
			);
			buildRules = (
			);
			dependencies = (
				1930155E2402BD5300E7B815 /* PBXTargetDependency */,
			);
			name = DnDclassicUITests;
			productName = DnDclassicUITests;
			productReference = 1930155C2402BD5300E7B815 /* DnDclassicUITests.xctest */;
			productType = "com.apple.product-type.bundle.ui-testing";
		};
/* End PBXNativeTarget section */

/* Begin PBXProject section */
		193015302402BD4C00E7B815 /* Project object */ = {
			isa = PBXProject;
			attributes = {
				LastSwiftUpdateCheck = 1120;
				LastUpgradeCheck = 1120;
				ORGANIZATIONNAME = "Adam Lovastyik";
				TargetAttributes = {
					193015372402BD4C00E7B815 = {
						CreatedOnToolsVersion = 11.2.1;
					};
					193015502402BD5200E7B815 = {
						CreatedOnToolsVersion = 11.2.1;
						LastSwiftMigration = 1120;
						TestTargetID = 193015372402BD4C00E7B815;
					};
					1930155B2402BD5300E7B815 = {
						CreatedOnToolsVersion = 11.2.1;
						TestTargetID = 193015372402BD4C00E7B815;
					};
				};
			};
			buildConfigurationList = 193015332402BD4C00E7B815 /* Build configuration list for PBXProject "DnDclassic" */;
			compatibilityVersion = "Xcode 9.3";
			developmentRegion = en;
			hasScannedForEncodings = 0;
			knownRegions = (
				en,
				Base,
			);
			mainGroup = 1930152F2402BD4C00E7B815;
			productRefGroup = 193015392402BD4C00E7B815 /* Products */;
			projectDirPath = "";
			projectRoot = "";
			targets = (
				193015372402BD4C00E7B815 /* DnDclassic */,
				193015502402BD5200E7B815 /* DnDclassicTests */,
				1930155B2402BD5300E7B815 /* DnDclassicUITests */,
			);
		};
/* End PBXProject section */

/* Begin PBXResourcesBuildPhase section */
		193015362402BD4C00E7B815 /* Resources */ = {
			isa = PBXResourcesBuildPhase;
			buildActionMask = 2147483647;
			files = (
				1930154B2402BD5200E7B815 /* LaunchScreen.storyboard in Resources */,
				19825BF3244F061E00488525 /* scene_218.png in Resources */,
				19825BDD244A0E4A00488525 /* scene_097.png in Resources */,
				193015482402BD5200E7B815 /* Assets.xcassets in Resources */,
				19825BF5244F079800488525 /* scene_179.png in Resources */,
				19825BF7244F484F00488525 /* scene_188.png in Resources */,
				19497D6D2405930C0072CFD0 /* warlock-firetop-mountain.json in Resources */,
				193015432402BD4C00E7B815 /* Main.storyboard in Resources */,
				19825BEF244DEE8100488525 /* scene_143.png in Resources */,
				19825BC42441D15500488525 /* scene_036.png in Resources */,
				19825BFF244F70AE00488525 /* scene_205.png in Resources */,
				19825BF9244F52EC00488525 /* scene_193.png in Resources */,
				19825C032450670E00488525 /* scene_240.png in Resources */,
				19825C0F2451C5FA00488525 /* scene_296.png in Resources */,
				19825C092450C67800488525 /* scene_251.png in Resources */,
				19825C01245052C700488525 /* scene_227.png in Resources */,
				1930158B240318DE00E7B815 /* cover.png in Resources */,
				19825BD32444D59D00488525 /* scene_155.png in Resources */,
				19FCFA9C24157A1900199175 /* scene_071.png in Resources */,
				19825BDF244A132600488525 /* scene_106.png in Resources */,
				19825C0D2451AB4000488525 /* scene_287.png in Resources */,
				19FCFA9B24157A1900199175 /* scene_009.png in Resources */,
				1930158D24031CD800E7B815 /* scene_001.png in Resources */,
				19825C112451C8CF00488525 /* scene_303.png in Resources */,
				19825BE1244B7A4C00488525 /* scene_122.png in Resources */,
				19825BE7244DAC1300488525 /* scene_134.png in Resources */,
				19825BD9244862AA00488525 /* scene_058.png in Resources */,
				19825C0B24519BFA00488525 /* scene_266.png in Resources */,
			);
			runOnlyForDeploymentPostprocessing = 0;
		};
		1930154F2402BD5200E7B815 /* Resources */ = {
			isa = PBXResourcesBuildPhase;
			buildActionMask = 2147483647;
			files = (
			);
			runOnlyForDeploymentPostprocessing = 0;
		};
		1930155A2402BD5300E7B815 /* Resources */ = {
			isa = PBXResourcesBuildPhase;
			buildActionMask = 2147483647;
			files = (
			);
			runOnlyForDeploymentPostprocessing = 0;
		};
/* End PBXResourcesBuildPhase section */

/* Begin PBXSourcesBuildPhase section */
		193015342402BD4C00E7B815 /* Sources */ = {
			isa = PBXSourcesBuildPhase;
			buildActionMask = 2147483647;
			files = (
				19497D6B240587A00072CFD0 /* ObjectDefinitions.swift in Sources */,
				19497D692405876A0072CFD0 /* Deserializable.swift in Sources */,
				19A855A0240ACC0B007174C8 /* Money.swift in Sources */,
				19825BC72441DEEE00488525 /* DamageRoll.swift in Sources */,
				19825BEB244DD4CB00488525 /* QueryAction.swift in Sources */,
				19301588240316D700E7B815 /* Game.swift in Sources */,
				19497D712405AE400072CFD0 /* SceneViewController.swift in Sources */,
				193015742402C0B700E7B815 /* Dice.swift in Sources */,
				19497D802406B2440072CFD0 /* CharacterEditPotionCell.swift in Sources */,
				19A85599240AB6E6007174C8 /* Strings.swift in Sources */,
				19825C052450716500488525 /* ExtraAttack.swift in Sources */,
				193015782402C5B100E7B815 /* Potion.swift in Sources */,
				19825BCB2441F10D00488525 /* Condition.swift in Sources */,
				19A855A2240ACE58007174C8 /* InventoryObject.swift in Sources */,
				19FCFAA024157CF100199175 /* TryLuckAction.swift in Sources */,
				1930158F24031E4400E7B815 /* Action.swift in Sources */,
				19E193C52427A1E900334B0F /* Alerts.swift in Sources */,
				19825C072450735A00488525 /* ExtraAttackChoice.swift in Sources */,
				19E193C92427E71F00334B0F /* RestAction.swift in Sources */,
				19E193C32427990400334B0F /* Opponent.swift in Sources */,
				19825BED244DDA1700488525 /* Query.swift in Sources */,
				19A855A4240BEC95007174C8 /* SceneStoryCell.swift in Sources */,
				1930153C2402BD4C00E7B815 /* AppDelegate.swift in Sources */,
				19FCFA962412F99C00199175 /* CharacterViewPropertyCell.swift in Sources */,
				193015762402C2E500E7B815 /* CharacterProperty.swift in Sources */,
				19825BC92441EDE000488525 /* ForceAction.swift in Sources */,
				19825BCD244219E700488525 /* DamageEvent.swift in Sources */,
				19D2956824312017003713E5 /* SceneInventoryCell.swift in Sources */,
				19FC5406242FCFEF00988644 /* Date.swift in Sources */,
				19825BFB244F59B600488525 /* Glove.swift in Sources */,
				19FC540B242FD4C000988644 /* LogCell.swift in Sources */,
				19E193D2242BBD6000334B0F /* RollChoice.swift in Sources */,
				19497D7A2406AD590072CFD0 /* CharacterEditViewController.swift in Sources */,
				196EC2D72430ADFA004732A7 /* EscapeAction.swift in Sources */,
				1930157A2402CAC600E7B815 /* Fight.swift in Sources */,
				19FCFA92241295D900199175 /* CharacterViewController.swift in Sources */,
				193015802402DC7300E7B815 /* InventoryItem.swift in Sources */,
				193015862403120700E7B815 /* WayPoint.swift in Sources */,
				19FC5401242FBEF200988644 /* Bonus.swift in Sources */,
				19301582240310F400E7B815 /* Scene.swift in Sources */,
				19825BD12444C85000488525 /* PropertyRollAction.swift in Sources */,
				19A8559C240AC6B6007174C8 /* GameData.swift in Sources */,
				19497D732405AF0A0072CFD0 /* IntroViewController.swift in Sources */,
				19825BFD244F59DA00488525 /* Armor.swift in Sources */,
				19497D7E2406B22B0072CFD0 /* CharacterEditPropertyCell.swift in Sources */,
				19D295632430D713003713E5 /* HitBonus.swift in Sources */,
				19A855A6240BF168007174C8 /* SceneWaypointCell.swift in Sources */,
				1930153E2402BD4C00E7B815 /* SceneDelegate.swift in Sources */,
				193015462402BD4C00E7B815 /* DnDclassic.xcdatamodeld in Sources */,
				193015842403118A00E7B815 /* Direction.swift in Sources */,
				19E193BC2426462600334B0F /* FightViewController.swift in Sources */,
				19E193BF242647FC00334B0F /* FightOpponentCell.swift in Sources */,
				19E193CF242BBB9000334B0F /* RollAction.swift in Sources */,
				19825BE5244C650700488525 /* Gamble.swift in Sources */,
				19A8559E240ACB5B007174C8 /* Food.swift in Sources */,
				19E193CB2427F6B300334B0F /* MainTabViewController.swift in Sources */,
				19497D772406AC620072CFD0 /* Character.swift in Sources */,
				19497D7C2406B2120072CFD0 /* CharacterEditNameCell.swift in Sources */,
				19825BD5244616DD00488525 /* Shield.swift in Sources */,
				19825BE3244C61A700488525 /* GambleAction.swift in Sources */,
				19FC5404242FC77300988644 /* LogItem.swift in Sources */,
				19825BE9244DAFA500488525 /* Helmet.swift in Sources */,
				19497D822406B2570072CFD0 /* CharacterEditInventoryItemCell.swift in Sources */,
				19FCFA9E24157BA000199175 /* SceneActionCell.swift in Sources */,
				19825BD724476D4100488525 /* PropertyRoll.swift in Sources */,
				19825BF1244EFD0300488525 /* Sword.swift in Sources */,
				19C9151E243B9184002E0102 /* Weapon.swift in Sources */,
				19FCFA982412F9B300199175 /* CharacterViewInventoryCell.swift in Sources */,
				19825BCF2444A3ED00488525 /* FightEvent.swift in Sources */,
				19E193B9242627CC00334B0F /* FightAction.swift in Sources */,
				19FC5409242FD12700988644 /* LogViewController.swift in Sources */,
				19FCFA942412F98700199175 /* CharacterViewNameCell.swift in Sources */,
			);
			runOnlyForDeploymentPostprocessing = 0;
		};
		1930154D2402BD5200E7B815 /* Sources */ = {
			isa = PBXSourcesBuildPhase;
			buildActionMask = 2147483647;
			files = (
				1930157E2402D51D00E7B815 /* FightTests.swift in Sources */,
				1930157C2402D3C400E7B815 /* PlayerTests.swift in Sources */,
			);
			runOnlyForDeploymentPostprocessing = 0;
		};
		193015582402BD5300E7B815 /* Sources */ = {
			isa = PBXSourcesBuildPhase;
			buildActionMask = 2147483647;
			files = (
				193015612402BD5300E7B815 /* DnDclassicUITests.swift in Sources */,
			);
			runOnlyForDeploymentPostprocessing = 0;
		};
/* End PBXSourcesBuildPhase section */

/* Begin PBXTargetDependency section */
		193015532402BD5200E7B815 /* PBXTargetDependency */ = {
			isa = PBXTargetDependency;
			target = 193015372402BD4C00E7B815 /* DnDclassic */;
			targetProxy = 193015522402BD5200E7B815 /* PBXContainerItemProxy */;
		};
		1930155E2402BD5300E7B815 /* PBXTargetDependency */ = {
			isa = PBXTargetDependency;
			target = 193015372402BD4C00E7B815 /* DnDclassic */;
			targetProxy = 1930155D2402BD5300E7B815 /* PBXContainerItemProxy */;
		};
/* End PBXTargetDependency section */

/* Begin PBXVariantGroup section */
		193015412402BD4C00E7B815 /* Main.storyboard */ = {
			isa = PBXVariantGroup;
			children = (
				193015422402BD4C00E7B815 /* Base */,
			);
			name = Main.storyboard;
			sourceTree = "<group>";
		};
		193015492402BD5200E7B815 /* LaunchScreen.storyboard */ = {
			isa = PBXVariantGroup;
			children = (
				1930154A2402BD5200E7B815 /* Base */,
			);
			name = LaunchScreen.storyboard;
			sourceTree = "<group>";
		};
/* End PBXVariantGroup section */

/* Begin XCBuildConfiguration section */
		193015632402BD5300E7B815 /* Debug */ = {
			isa = XCBuildConfiguration;
			buildSettings = {
				ALWAYS_SEARCH_USER_PATHS = NO;
				CLANG_ANALYZER_NONNULL = YES;
				CLANG_ANALYZER_NUMBER_OBJECT_CONVERSION = YES_AGGRESSIVE;
				CLANG_CXX_LANGUAGE_STANDARD = "gnu++14";
				CLANG_CXX_LIBRARY = "libc++";
				CLANG_ENABLE_MODULES = YES;
				CLANG_ENABLE_OBJC_ARC = YES;
				CLANG_ENABLE_OBJC_WEAK = YES;
				CLANG_WARN_BLOCK_CAPTURE_AUTORELEASING = YES;
				CLANG_WARN_BOOL_CONVERSION = YES;
				CLANG_WARN_COMMA = YES;
				CLANG_WARN_CONSTANT_CONVERSION = YES;
				CLANG_WARN_DEPRECATED_OBJC_IMPLEMENTATIONS = YES;
				CLANG_WARN_DIRECT_OBJC_ISA_USAGE = YES_ERROR;
				CLANG_WARN_DOCUMENTATION_COMMENTS = YES;
				CLANG_WARN_EMPTY_BODY = YES;
				CLANG_WARN_ENUM_CONVERSION = YES;
				CLANG_WARN_INFINITE_RECURSION = YES;
				CLANG_WARN_INT_CONVERSION = YES;
				CLANG_WARN_NON_LITERAL_NULL_CONVERSION = YES;
				CLANG_WARN_OBJC_IMPLICIT_RETAIN_SELF = YES;
				CLANG_WARN_OBJC_LITERAL_CONVERSION = YES;
				CLANG_WARN_OBJC_ROOT_CLASS = YES_ERROR;
				CLANG_WARN_RANGE_LOOP_ANALYSIS = YES;
				CLANG_WARN_STRICT_PROTOTYPES = YES;
				CLANG_WARN_SUSPICIOUS_MOVE = YES;
				CLANG_WARN_UNGUARDED_AVAILABILITY = YES_AGGRESSIVE;
				CLANG_WARN_UNREACHABLE_CODE = YES;
				CLANG_WARN__DUPLICATE_METHOD_MATCH = YES;
				COPY_PHASE_STRIP = NO;
				DEBUG_INFORMATION_FORMAT = dwarf;
				ENABLE_STRICT_OBJC_MSGSEND = YES;
				ENABLE_TESTABILITY = YES;
				GCC_C_LANGUAGE_STANDARD = gnu11;
				GCC_DYNAMIC_NO_PIC = NO;
				GCC_NO_COMMON_BLOCKS = YES;
				GCC_OPTIMIZATION_LEVEL = 0;
				GCC_PREPROCESSOR_DEFINITIONS = (
					"DEBUG=1",
					"$(inherited)",
				);
				GCC_WARN_64_TO_32_BIT_CONVERSION = YES;
				GCC_WARN_ABOUT_RETURN_TYPE = YES_ERROR;
				GCC_WARN_UNDECLARED_SELECTOR = YES;
				GCC_WARN_UNINITIALIZED_AUTOS = YES_AGGRESSIVE;
				GCC_WARN_UNUSED_FUNCTION = YES;
				GCC_WARN_UNUSED_VARIABLE = YES;
				IPHONEOS_DEPLOYMENT_TARGET = 13.2;
				MTL_ENABLE_DEBUG_INFO = INCLUDE_SOURCE;
				MTL_FAST_MATH = YES;
				ONLY_ACTIVE_ARCH = YES;
				SDKROOT = iphoneos;
				SWIFT_ACTIVE_COMPILATION_CONDITIONS = DEBUG;
				SWIFT_OPTIMIZATION_LEVEL = "-Onone";
			};
			name = Debug;
		};
		193015642402BD5300E7B815 /* Release */ = {
			isa = XCBuildConfiguration;
			buildSettings = {
				ALWAYS_SEARCH_USER_PATHS = NO;
				CLANG_ANALYZER_NONNULL = YES;
				CLANG_ANALYZER_NUMBER_OBJECT_CONVERSION = YES_AGGRESSIVE;
				CLANG_CXX_LANGUAGE_STANDARD = "gnu++14";
				CLANG_CXX_LIBRARY = "libc++";
				CLANG_ENABLE_MODULES = YES;
				CLANG_ENABLE_OBJC_ARC = YES;
				CLANG_ENABLE_OBJC_WEAK = YES;
				CLANG_WARN_BLOCK_CAPTURE_AUTORELEASING = YES;
				CLANG_WARN_BOOL_CONVERSION = YES;
				CLANG_WARN_COMMA = YES;
				CLANG_WARN_CONSTANT_CONVERSION = YES;
				CLANG_WARN_DEPRECATED_OBJC_IMPLEMENTATIONS = YES;
				CLANG_WARN_DIRECT_OBJC_ISA_USAGE = YES_ERROR;
				CLANG_WARN_DOCUMENTATION_COMMENTS = YES;
				CLANG_WARN_EMPTY_BODY = YES;
				CLANG_WARN_ENUM_CONVERSION = YES;
				CLANG_WARN_INFINITE_RECURSION = YES;
				CLANG_WARN_INT_CONVERSION = YES;
				CLANG_WARN_NON_LITERAL_NULL_CONVERSION = YES;
				CLANG_WARN_OBJC_IMPLICIT_RETAIN_SELF = YES;
				CLANG_WARN_OBJC_LITERAL_CONVERSION = YES;
				CLANG_WARN_OBJC_ROOT_CLASS = YES_ERROR;
				CLANG_WARN_RANGE_LOOP_ANALYSIS = YES;
				CLANG_WARN_STRICT_PROTOTYPES = YES;
				CLANG_WARN_SUSPICIOUS_MOVE = YES;
				CLANG_WARN_UNGUARDED_AVAILABILITY = YES_AGGRESSIVE;
				CLANG_WARN_UNREACHABLE_CODE = YES;
				CLANG_WARN__DUPLICATE_METHOD_MATCH = YES;
				COPY_PHASE_STRIP = NO;
				DEBUG_INFORMATION_FORMAT = "dwarf-with-dsym";
				ENABLE_NS_ASSERTIONS = NO;
				ENABLE_STRICT_OBJC_MSGSEND = YES;
				GCC_C_LANGUAGE_STANDARD = gnu11;
				GCC_NO_COMMON_BLOCKS = YES;
				GCC_WARN_64_TO_32_BIT_CONVERSION = YES;
				GCC_WARN_ABOUT_RETURN_TYPE = YES_ERROR;
				GCC_WARN_UNDECLARED_SELECTOR = YES;
				GCC_WARN_UNINITIALIZED_AUTOS = YES_AGGRESSIVE;
				GCC_WARN_UNUSED_FUNCTION = YES;
				GCC_WARN_UNUSED_VARIABLE = YES;
				IPHONEOS_DEPLOYMENT_TARGET = 13.2;
				MTL_ENABLE_DEBUG_INFO = NO;
				MTL_FAST_MATH = YES;
				SDKROOT = iphoneos;
				SWIFT_COMPILATION_MODE = wholemodule;
				SWIFT_OPTIMIZATION_LEVEL = "-O";
				VALIDATE_PRODUCT = YES;
			};
			name = Release;
		};
		193015662402BD5300E7B815 /* Debug */ = {
			isa = XCBuildConfiguration;
			buildSettings = {
				ASSETCATALOG_COMPILER_APPICON_NAME = AppIcon;
				CODE_SIGN_STYLE = Automatic;
				DEVELOPMENT_TEAM = X37H2S679C;
				INFOPLIST_FILE = DnDclassic/Info.plist;
				LD_RUNPATH_SEARCH_PATHS = (
					"$(inherited)",
					"@executable_path/Frameworks",
				);
				PRODUCT_BUNDLE_IDENTIFIER = hu.lovastyik.DnDclassic;
				PRODUCT_NAME = "$(TARGET_NAME)";
				SWIFT_VERSION = 5.0;
				TARGETED_DEVICE_FAMILY = "1,2";
			};
			name = Debug;
		};
		193015672402BD5300E7B815 /* Release */ = {
			isa = XCBuildConfiguration;
			buildSettings = {
				ASSETCATALOG_COMPILER_APPICON_NAME = AppIcon;
				CODE_SIGN_STYLE = Automatic;
				DEVELOPMENT_TEAM = X37H2S679C;
				INFOPLIST_FILE = DnDclassic/Info.plist;
				LD_RUNPATH_SEARCH_PATHS = (
					"$(inherited)",
					"@executable_path/Frameworks",
				);
				PRODUCT_BUNDLE_IDENTIFIER = hu.lovastyik.DnDclassic;
				PRODUCT_NAME = "$(TARGET_NAME)";
				SWIFT_VERSION = 5.0;
				TARGETED_DEVICE_FAMILY = "1,2";
			};
			name = Release;
		};
		193015692402BD5300E7B815 /* Debug */ = {
			isa = XCBuildConfiguration;
			buildSettings = {
				ALWAYS_EMBED_SWIFT_STANDARD_LIBRARIES = YES;
				BUNDLE_LOADER = "$(TEST_HOST)";
				CLANG_ENABLE_MODULES = YES;
				CODE_SIGN_STYLE = Automatic;
				DEVELOPMENT_TEAM = X37H2S679C;
				INFOPLIST_FILE = DnDclassicTests/Info.plist;
				IPHONEOS_DEPLOYMENT_TARGET = 13.2;
				LD_RUNPATH_SEARCH_PATHS = (
					"$(inherited)",
					"@executable_path/Frameworks",
					"@loader_path/Frameworks",
				);
				PRODUCT_BUNDLE_IDENTIFIER = hu.lovastyik.DnDclassicTests;
				PRODUCT_NAME = "$(TARGET_NAME)";
				SWIFT_OPTIMIZATION_LEVEL = "-Onone";
				SWIFT_VERSION = 5.0;
				TARGETED_DEVICE_FAMILY = "1,2";
				TEST_HOST = "$(BUILT_PRODUCTS_DIR)/DnDclassic.app/DnDclassic";
			};
			name = Debug;
		};
		1930156A2402BD5300E7B815 /* Release */ = {
			isa = XCBuildConfiguration;
			buildSettings = {
				ALWAYS_EMBED_SWIFT_STANDARD_LIBRARIES = YES;
				BUNDLE_LOADER = "$(TEST_HOST)";
				CLANG_ENABLE_MODULES = YES;
				CODE_SIGN_STYLE = Automatic;
				DEVELOPMENT_TEAM = X37H2S679C;
				INFOPLIST_FILE = DnDclassicTests/Info.plist;
				IPHONEOS_DEPLOYMENT_TARGET = 13.2;
				LD_RUNPATH_SEARCH_PATHS = (
					"$(inherited)",
					"@executable_path/Frameworks",
					"@loader_path/Frameworks",
				);
				PRODUCT_BUNDLE_IDENTIFIER = hu.lovastyik.DnDclassicTests;
				PRODUCT_NAME = "$(TARGET_NAME)";
				SWIFT_VERSION = 5.0;
				TARGETED_DEVICE_FAMILY = "1,2";
				TEST_HOST = "$(BUILT_PRODUCTS_DIR)/DnDclassic.app/DnDclassic";
			};
			name = Release;
		};
		1930156C2402BD5300E7B815 /* Debug */ = {
			isa = XCBuildConfiguration;
			buildSettings = {
				ALWAYS_EMBED_SWIFT_STANDARD_LIBRARIES = YES;
				CODE_SIGN_STYLE = Automatic;
				DEVELOPMENT_TEAM = X37H2S679C;
				INFOPLIST_FILE = DnDclassicUITests/Info.plist;
				LD_RUNPATH_SEARCH_PATHS = (
					"$(inherited)",
					"@executable_path/Frameworks",
					"@loader_path/Frameworks",
				);
				PRODUCT_BUNDLE_IDENTIFIER = hu.lovastyik.DnDclassicUITests;
				PRODUCT_NAME = "$(TARGET_NAME)";
				SWIFT_VERSION = 5.0;
				TARGETED_DEVICE_FAMILY = "1,2";
				TEST_TARGET_NAME = DnDclassic;
			};
			name = Debug;
		};
		1930156D2402BD5300E7B815 /* Release */ = {
			isa = XCBuildConfiguration;
			buildSettings = {
				ALWAYS_EMBED_SWIFT_STANDARD_LIBRARIES = YES;
				CODE_SIGN_STYLE = Automatic;
				DEVELOPMENT_TEAM = X37H2S679C;
				INFOPLIST_FILE = DnDclassicUITests/Info.plist;
				LD_RUNPATH_SEARCH_PATHS = (
					"$(inherited)",
					"@executable_path/Frameworks",
					"@loader_path/Frameworks",
				);
				PRODUCT_BUNDLE_IDENTIFIER = hu.lovastyik.DnDclassicUITests;
				PRODUCT_NAME = "$(TARGET_NAME)";
				SWIFT_VERSION = 5.0;
				TARGETED_DEVICE_FAMILY = "1,2";
				TEST_TARGET_NAME = DnDclassic;
			};
			name = Release;
		};
/* End XCBuildConfiguration section */

/* Begin XCConfigurationList section */
		193015332402BD4C00E7B815 /* Build configuration list for PBXProject "DnDclassic" */ = {
			isa = XCConfigurationList;
			buildConfigurations = (
				193015632402BD5300E7B815 /* Debug */,
				193015642402BD5300E7B815 /* Release */,
			);
			defaultConfigurationIsVisible = 0;
			defaultConfigurationName = Release;
		};
		193015652402BD5300E7B815 /* Build configuration list for PBXNativeTarget "DnDclassic" */ = {
			isa = XCConfigurationList;
			buildConfigurations = (
				193015662402BD5300E7B815 /* Debug */,
				193015672402BD5300E7B815 /* Release */,
			);
			defaultConfigurationIsVisible = 0;
			defaultConfigurationName = Release;
		};
		193015682402BD5300E7B815 /* Build configuration list for PBXNativeTarget "DnDclassicTests" */ = {
			isa = XCConfigurationList;
			buildConfigurations = (
				193015692402BD5300E7B815 /* Debug */,
				1930156A2402BD5300E7B815 /* Release */,
			);
			defaultConfigurationIsVisible = 0;
			defaultConfigurationName = Release;
		};
		1930156B2402BD5300E7B815 /* Build configuration list for PBXNativeTarget "DnDclassicUITests" */ = {
			isa = XCConfigurationList;
			buildConfigurations = (
				1930156C2402BD5300E7B815 /* Debug */,
				1930156D2402BD5300E7B815 /* Release */,
			);
			defaultConfigurationIsVisible = 0;
			defaultConfigurationName = Release;
		};
/* End XCConfigurationList section */

/* Begin XCVersionGroup section */
		193015442402BD4C00E7B815 /* DnDclassic.xcdatamodeld */ = {
			isa = XCVersionGroup;
			children = (
				193015452402BD4C00E7B815 /* DnDclassic.xcdatamodel */,
			);
			currentVersion = 193015452402BD4C00E7B815 /* DnDclassic.xcdatamodel */;
			path = DnDclassic.xcdatamodeld;
			sourceTree = "<group>";
			versionGroupType = wrapper.xcdatamodel;
		};
/* End XCVersionGroup section */
	};
	rootObject = 193015302402BD4C00E7B815 /* Project object */;
}
